
Microsoft Visual Studio Solution File, Format Version 12.00
# Visual Studio Version 16
VisualStudioVersion = 16.0.31729.503
MinimumVisualStudioVersion = 10.0.40219.1
Project("{9A19103F-16F7-4668-BE54-9A1E7A4F7556}") = "DomainDrivenDesign.Example.Presentation.Web.Api", "DomainDrivenDesign.Example.Web.Api\DomainDrivenDesign.Example.Presentation.Web.Api.csproj", "{0AADA80E-CF7A-43F1-8219-F9FAEE44D6D1}"
EndProject
Project("{2150E333-8FDC-42A3-9474-1A3956D46DE8}") = "src", "src", "{1877FC6A-5A3D-492C-AB6A-6485A67FA8CA}"
EndProject
Project("{2150E333-8FDC-42A3-9474-1A3956D46DE8}") = "tests", "tests", "{82E45DD0-CBCE-4630-82DB-87096FFF8487}"
EndProject
Project("{9A19103F-16F7-4668-BE54-9A1E7A4F7556}") = "DomainDrivenDesign.Example.Domain", "DomainDrivenDesign.Example.Domain\DomainDrivenDesign.Example.Domain.csproj", "{D4DE0E85-F4F4-491E-AA38-B15AE36CDEBF}"
EndProject
Project("{9A19103F-16F7-4668-BE54-9A1E7A4F7556}") = "DomainDrivenDesign.Example.Infrastructure", "DomainDrivenDesign.Example.Infrastructure\DomainDrivenDesign.Example.Infrastructure.csproj", "{65B7BCC6-6550-4B2E-9DD6-E876069B1691}"
EndProject
Project("{9A19103F-16F7-4668-BE54-9A1E7A4F7556}") = "DomainDrivenDesign.Example.Application", "DomainDrivenDesign.Example.Business\DomainDrivenDesign.Example.Application.csproj", "{EFFED3B4-DA81-4461-992F-9DDE4FD44937}"
EndProject
Project("{9A19103F-16F7-4668-BE54-9A1E7A4F7556}") = "DomainDrivenDesign.Example.Infrastructure.Tests.Unit", "DomainDrivenDesign.Example.Infrastructure.Tests.Unit\DomainDrivenDesign.Example.Infrastructure.Tests.Unit.csproj", "{F2B9D356-0B97-4E50-99A2-DACBED9709F6}"
EndProject
Project("{9A19103F-16F7-4668-BE54-9A1E7A4F7556}") = "DomainDrivenDesign.Example.Presentation.Web.Api.Tests.Acceptance", "DomainDrivenDesign.Example.Presentation.Web.Api.Tests.Acceptance\DomainDrivenDesign.Example.Presentation.Web.Api.Tests.Acceptance.csproj", "{106A5300-D346-493F-BB33-627F3D3EE3A1}"
EndProject
Project("{E53339B2-1760-4266-BCC7-CA923CBCF16C}") = "docker-compose", "docker-compose.dcproj", "{4FA210D1-5940-4F5A-B876-437DDE2BB420}"
EndProject
Global
	GlobalSection(SolutionConfigurationPlatforms) = preSolution
		Debug|Any CPU = Debug|Any CPU
		NoVariablesDefault|Any CPU = NoVariablesDefault|Any CPU
		Release|Any CPU = Release|Any CPU
	EndGlobalSection
	GlobalSection(ProjectConfigurationPlatforms) = postSolution
		{0AADA80E-CF7A-43F1-8219-F9FAEE44D6D1}.Debug|Any CPU.ActiveCfg = Debug|Any CPU
		{0AADA80E-CF7A-43F1-8219-F9FAEE44D6D1}.Debug|Any CPU.Build.0 = Debug|Any CPU
		{0AADA80E-CF7A-43F1-8219-F9FAEE44D6D1}.NoVariablesDefault|Any CPU.ActiveCfg = Release|Any CPU
		{0AADA80E-CF7A-43F1-8219-F9FAEE44D6D1}.NoVariablesDefault|Any CPU.Build.0 = Release|Any CPU
		{0AADA80E-CF7A-43F1-8219-F9FAEE44D6D1}.Release|Any CPU.ActiveCfg = Release|Any CPU
		{0AADA80E-CF7A-43F1-8219-F9FAEE44D6D1}.Release|Any CPU.Build.0 = Release|Any CPU
		{D4DE0E85-F4F4-491E-AA38-B15AE36CDEBF}.Debug|Any CPU.ActiveCfg = Debug|Any CPU
		{D4DE0E85-F4F4-491E-AA38-B15AE36CDEBF}.Debug|Any CPU.Build.0 = Debug|Any CPU
		{D4DE0E85-F4F4-491E-AA38-B15AE36CDEBF}.NoVariablesDefault|Any CPU.ActiveCfg = Release|Any CPU
		{D4DE0E85-F4F4-491E-AA38-B15AE36CDEBF}.NoVariablesDefault|Any CPU.Build.0 = Release|Any CPU
		{D4DE0E85-F4F4-491E-AA38-B15AE36CDEBF}.Release|Any CPU.ActiveCfg = Release|Any CPU
		{D4DE0E85-F4F4-491E-AA38-B15AE36CDEBF}.Release|Any CPU.Build.0 = Release|Any CPU
		{65B7BCC6-6550-4B2E-9DD6-E876069B1691}.Debug|Any CPU.ActiveCfg = Debug|Any CPU
		{65B7BCC6-6550-4B2E-9DD6-E876069B1691}.Debug|Any CPU.Build.0 = Debug|Any CPU
		{65B7BCC6-6550-4B2E-9DD6-E876069B1691}.NoVariablesDefault|Any CPU.ActiveCfg = Release|Any CPU
		{65B7BCC6-6550-4B2E-9DD6-E876069B1691}.NoVariablesDefault|Any CPU.Build.0 = Release|Any CPU
		{65B7BCC6-6550-4B2E-9DD6-E876069B1691}.Release|Any CPU.ActiveCfg = Release|Any CPU
		{65B7BCC6-6550-4B2E-9DD6-E876069B1691}.Release|Any CPU.Build.0 = Release|Any CPU
		{EFFED3B4-DA81-4461-992F-9DDE4FD44937}.Debug|Any CPU.ActiveCfg = Debug|Any CPU
		{EFFED3B4-DA81-4461-992F-9DDE4FD44937}.Debug|Any CPU.Build.0 = Debug|Any CPU
		{EFFED3B4-DA81-4461-992F-9DDE4FD44937}.NoVariablesDefault|Any CPU.ActiveCfg = Release|Any CPU
		{EFFED3B4-DA81-4461-992F-9DDE4FD44937}.NoVariablesDefault|Any CPU.Build.0 = Release|Any CPU
		{EFFED3B4-DA81-4461-992F-9DDE4FD44937}.Release|Any CPU.ActiveCfg = Release|Any CPU
		{EFFED3B4-DA81-4461-992F-9DDE4FD44937}.Release|Any CPU.Build.0 = Release|Any CPU
		{F2B9D356-0B97-4E50-99A2-DACBED9709F6}.Debug|Any CPU.ActiveCfg = Debug|Any CPU
		{F2B9D356-0B97-4E50-99A2-DACBED9709F6}.Debug|Any CPU.Build.0 = Debug|Any CPU
		{F2B9D356-0B97-4E50-99A2-DACBED9709F6}.NoVariablesDefault|Any CPU.ActiveCfg = Release|Any CPU
		{F2B9D356-0B97-4E50-99A2-DACBED9709F6}.NoVariablesDefault|Any CPU.Build.0 = Release|Any CPU
		{F2B9D356-0B97-4E50-99A2-DACBED9709F6}.Release|Any CPU.ActiveCfg = Release|Any CPU
		{F2B9D356-0B97-4E50-99A2-DACBED9709F6}.Release|Any CPU.Build.0 = Release|Any CPU
		{106A5300-D346-493F-BB33-627F3D3EE3A1}.Debug|Any CPU.ActiveCfg = Debug|Any CPU
		{106A5300-D346-493F-BB33-627F3D3EE3A1}.Debug|Any CPU.Build.0 = Debug|Any CPU
		{106A5300-D346-493F-BB33-627F3D3EE3A1}.NoVariablesDefault|Any CPU.ActiveCfg = Release|Any CPU
		{106A5300-D346-493F-BB33-627F3D3EE3A1}.NoVariablesDefault|Any CPU.Build.0 = Release|Any CPU
		{106A5300-D346-493F-BB33-627F3D3EE3A1}.Release|Any CPU.ActiveCfg = Release|Any CPU
		{106A5300-D346-493F-BB33-627F3D3EE3A1}.Release|Any CPU.Build.0 = Release|Any CPU
		{4FA210D1-5940-4F5A-B876-437DDE2BB420}.Debug|Any CPU.ActiveCfg = NoVariablesDefault
		{4FA210D1-5940-4F5A-B876-437DDE2BB420}.Debug|Any CPU.Build.0 = NoVariablesDefault
		{4FA210D1-5940-4F5A-B876-437DDE2BB420}.NoVariablesDefault|Any CPU.ActiveCfg = NoVariablesDefault
		{4FA210D1-5940-4F5A-B876-437DDE2BB420}.NoVariablesDefault|Any CPU.Build.0 = NoVariablesDefault
		{4FA210D1-5940-4F5A-B876-437DDE2BB420}.Release|Any CPU.ActiveCfg = NoVariablesDefault
		{4FA210D1-5940-4F5A-B876-437DDE2BB420}.Release|Any CPU.Build.0 = NoVariablesDefault
	EndGlobalSection
	GlobalSection(SolutionProperties) = preSolution
		HideSolutionNode = FALSE
	EndGlobalSection
	GlobalSection(NestedProjects) = preSolution
		{0AADA80E-CF7A-43F1-8219-F9FAEE44D6D1} = {1877FC6A-5A3D-492C-AB6A-6485A67FA8CA}
		{D4DE0E85-F4F4-491E-AA38-B15AE36CDEBF} = {1877FC6A-5A3D-492C-AB6A-6485A67FA8CA}
		{65B7BCC6-6550-4B2E-9DD6-E876069B1691} = {1877FC6A-5A3D-492C-AB6A-6485A67FA8CA}
		{EFFED3B4-DA81-4461-992F-9DDE4FD44937} = {1877FC6A-5A3D-492C-AB6A-6485A67FA8CA}
		{F2B9D356-0B97-4E50-99A2-DACBED9709F6} = {82E45DD0-CBCE-4630-82DB-87096FFF8487}
		{106A5300-D346-493F-BB33-627F3D3EE3A1} = {82E45DD0-CBCE-4630-82DB-87096FFF8487}
	EndGlobalSection
	GlobalSection(ExtensibilityGlobals) = postSolution
		SolutionGuid = {01A3BAFB-F218-4EEF-9A3B-2780834440FA}
	EndGlobalSection
EndGlobal
